<?xml version="1.0" encoding="utf-8"?>
<Project ToolsVersion="4.0" xmlns="http://schemas.microsoft.com/developer/msbuild/2003">
  <ItemGroup>
    <Filter Include="Source">
      <UniqueIdentifier>{1cc0d9c5-0591-47b5-b0be-ca66d241b2ce}</UniqueIdentifier>
    </Filter>
    <Filter Include="Source\AI">
      <UniqueIdentifier>{3784a19b-76db-40f1-88ad-cff04b4e8aed}</UniqueIdentifier>
    </Filter>
    <Filter Include="Source\Block">
      <UniqueIdentifier>{8802d615-9924-4357-a9f0-596ef373ed04}</UniqueIdentifier>
    </Filter>
    <Filter Include="Source\Bullet">
      <UniqueIdentifier>{ba38b5fc-a02a-4b08-b90f-ca634bb42d01}</UniqueIdentifier>
    </Filter>
    <Filter Include="Source\Collision">
      <UniqueIdentifier>{a4d70de0-6633-411e-8e78-11d047c39625}</UniqueIdentifier>
    </Filter>
    <Filter Include="Source\Easing">
      <UniqueIdentifier>{2b970519-efcd-438b-8c9a-40f50b999b46}</UniqueIdentifier>
    </Filter>
    <Filter Include="Source\FPS">
      <UniqueIdentifier>{69adef65-3195-45a1-a374-2fefd37a1e6e}</UniqueIdentifier>
    </Filter>
    <Filter Include="Source\Input">
      <UniqueIdentifier>{6c7d0822-c04b-40c8-9d05-ba272e1969a8}</UniqueIdentifier>
    </Filter>
    <Filter Include="Source\MyEffekseer">
      <UniqueIdentifier>{02e66376-2d6f-4954-b32a-da068c8da066}</UniqueIdentifier>
    </Filter>
    <Filter Include="Source\MyMath">
      <UniqueIdentifier>{cc1fe31d-c01b-4b00-8d71-5a32e2ac37bb}</UniqueIdentifier>
    </Filter>
    <Filter Include="Source\MyRandom">
      <UniqueIdentifier>{73bf9eb2-f52d-47bd-981c-8a2f1ac623a0}</UniqueIdentifier>
    </Filter>
    <Filter Include="Source\Player">
      <UniqueIdentifier>{9bd5bf9e-fdd8-41e2-a379-a4bcc85af9ca}</UniqueIdentifier>
    </Filter>
    <Filter Include="Source\Scene">
      <UniqueIdentifier>{dae350b5-2a55-4bbc-88cb-c703011f12ca}</UniqueIdentifier>
    </Filter>
    <Filter Include="Source\Singleton">
      <UniqueIdentifier>{2381cd79-8c3e-4c24-8694-a4945636c3f4}</UniqueIdentifier>
    </Filter>
    <Filter Include="Source\Stage">
      <UniqueIdentifier>{9c0b95d1-6bfc-418c-bf6a-326925e2d1bd}</UniqueIdentifier>
    </Filter>
    <Filter Include="Source\GameSetting">
      <UniqueIdentifier>{ed1e55bd-d4af-4a25-8511-0b73102f1838}</UniqueIdentifier>
    </Filter>
    <Filter Include="Source\Item">
      <UniqueIdentifier>{11fe154f-e482-4c3e-9d6a-2e6ee3598b7c}</UniqueIdentifier>
    </Filter>
    <Filter Include="Source\UI">
      <UniqueIdentifier>{e8f5d69e-4b32-4433-a650-333d55946b4c}</UniqueIdentifier>
    </Filter>
    <Filter Include="Source\Effect">
      <UniqueIdentifier>{98dbd87c-4ea0-42bc-aff4-f1482e248832}</UniqueIdentifier>
    </Filter>
  </ItemGroup>
  <ItemGroup>
    <ClCompile Include="Source\Main.cpp">
      <Filter>Source</Filter>
    </ClCompile>
    <ClCompile Include="Source\AI\AIManager.cpp">
      <Filter>Source\AI</Filter>
    </ClCompile>
    <ClCompile Include="Source\AI\AIPlayCPU.cpp">
      <Filter>Source\AI</Filter>
    </ClCompile>
    <ClCompile Include="Source\AI\AIRandomCPU.cpp">
      <Filter>Source\AI</Filter>
    </ClCompile>
    <ClCompile Include="Source\AI\AIStrategyBase.cpp">
      <Filter>Source\AI</Filter>
    </ClCompile>
    <ClCompile Include="Source\Block\Block.cpp">
      <Filter>Source\Block</Filter>
    </ClCompile>
    <ClCompile Include="Source\Block\BlockManager.cpp">
      <Filter>Source\Block</Filter>
    </ClCompile>
    <ClCompile Include="Source\Bullet\BulletBase.cpp">
      <Filter>Source\Bullet</Filter>
    </ClCompile>
    <ClCompile Include="Source\Bullet\BulletManager.cpp">
      <Filter>Source\Bullet</Filter>
    </ClCompile>
    <ClCompile Include="Source\Bullet\StraightBullet.cpp">
      <Filter>Source\Bullet</Filter>
    </ClCompile>
    <ClCompile Include="Source\Collision\CollisionAABB.cpp">
      <Filter>Source\Collision</Filter>
    </ClCompile>
    <ClCompile Include="Source\Collision\CollisionBase.cpp">
      <Filter>Source\Collision</Filter>
    </ClCompile>
    <ClCompile Include="Source\Collision\CollisionManager.cpp">
      <Filter>Source\Collision</Filter>
    </ClCompile>
    <ClCompile Include="Source\Collision\CollisionSphere.cpp">
      <Filter>Source\Collision</Filter>
    </ClCompile>
    <ClCompile Include="Source\Easing\Easing.cpp">
      <Filter>Source\Easing</Filter>
    </ClCompile>
    <ClCompile Include="Source\Easing\EasingManager.cpp">
      <Filter>Source\Easing</Filter>
    </ClCompile>
    <ClCompile Include="Source\FPS\FPS.cpp">
      <Filter>Source\FPS</Filter>
    </ClCompile>
    <ClCompile Include="Source\Input\Input.cpp">
      <Filter>Source\Input</Filter>
    </ClCompile>
    <ClCompile Include="Source\MyEffekseer\EffekseerEffect2D.cpp">
      <Filter>Source\MyEffekseer</Filter>
    </ClCompile>
    <ClCompile Include="Source\MyEffekseer\EffekseerEffect3D.cpp">
      <Filter>Source\MyEffekseer</Filter>
    </ClCompile>
    <ClCompile Include="Source\MyEffekseer\EffekseerEffectBase.cpp">
      <Filter>Source\MyEffekseer</Filter>
    </ClCompile>
    <ClCompile Include="Source\MyEffekseer\EffekseerManager.cpp">
      <Filter>Source\MyEffekseer</Filter>
    </ClCompile>
    <ClCompile Include="Source\MyMath\MyMath.cpp">
      <Filter>Source\MyMath</Filter>
    </ClCompile>
    <ClCompile Include="Source\MyRandom\MyRandom.cpp">
      <Filter>Source\MyRandom</Filter>
    </ClCompile>
    <ClCompile Include="Source\Stage\Stage.cpp">
      <Filter>Source\Stage</Filter>
    </ClCompile>
    <ClCompile Include="Source\Stage\StageManager.cpp">
      <Filter>Source\Stage</Filter>
    </ClCompile>
    <ClCompile Include="Source\Scene\PlayScene.cpp">
      <Filter>Source\Scene</Filter>
    </ClCompile>
    <ClCompile Include="Source\Scene\SceneBase.cpp">
      <Filter>Source\Scene</Filter>
    </ClCompile>
    <ClCompile Include="Source\Scene\SceneManager.cpp">
      <Filter>Source\Scene</Filter>
    </ClCompile>
    <ClCompile Include="Source\Scene\TitleScene.cpp">
      <Filter>Source\Scene</Filter>
    </ClCompile>
    <ClCompile Include="Source\Player\Player.cpp">
      <Filter>Source\Player</Filter>
    </ClCompile>
    <ClCompile Include="Source\Player\PlayerManager.cpp">
      <Filter>Source\Player</Filter>
    </ClCompile>
    <ClCompile Include="Source\Player\AIPlayer.cpp">
      <Filter>Source\Player</Filter>
    </ClCompile>
    <ClCompile Include="Source\Player\PlayerBase.cpp">
      <Filter>Source\Player</Filter>
    </ClCompile>
    <ClCompile Include="Source\Item\Item.cpp">
      <Filter>Source\Item</Filter>
    </ClCompile>
    <ClCompile Include="Source\Item\ItemManager.cpp">
      <Filter>Source\Item</Filter>
    </ClCompile>
    <ClCompile Include="Source\UI\UIBase.cpp">
      <Filter>Source\UI</Filter>
    </ClCompile>
    <ClCompile Include="Source\UI\UIGauge.cpp">
      <Filter>Source\UI</Filter>
    </ClCompile>
    <ClCompile Include="Source\UI\UIImage.cpp">
      <Filter>Source\UI</Filter>
    </ClCompile>
    <ClCompile Include="Source\UI\UIManager.cpp">
      <Filter>Source\UI</Filter>
    </ClCompile>
    <ClCompile Include="Source\Scene\GameSetScene.cpp">
      <Filter>Source\Scene</Filter>
    </ClCompile>
    <ClCompile Include="Source\Effect\SpriteAnimation.cpp">
      <Filter>Source\Effect</Filter>
    </ClCompile>
    <ClCompile Include="Source\Effect\SpriteAnimationManager.cpp">
      <Filter>Source\Effect</Filter>
    </ClCompile>
  </ItemGroup>
  <ItemGroup>
    <ClInclude Include="Source\AI\AIManager.h">
      <Filter>Source\AI</Filter>
    </ClInclude>
    <ClInclude Include="Source\AI\AIParameter.h">
      <Filter>Source\AI</Filter>
    </ClInclude>
    <ClInclude Include="Source\AI\AIPlayCPU.h">
      <Filter>Source\AI</Filter>
    </ClInclude>
    <ClInclude Include="Source\AI\AIRandomCPU.h">
      <Filter>Source\AI</Filter>
    </ClInclude>
    <ClInclude Include="Source\AI\AIStrategyBase.h">
      <Filter>Source\AI</Filter>
    </ClInclude>
    <ClInclude Include="Source\Block\Block.h">
      <Filter>Source\Block</Filter>
    </ClInclude>
    <ClInclude Include="Source\Block\BlockManager.h">
      <Filter>Source\Block</Filter>
    </ClInclude>
    <ClInclude Include="Source\Bullet\BulletBase.h">
      <Filter>Source\Bullet</Filter>
    </ClInclude>
    <ClInclude Include="Source\Bullet\BulletManager.h">
      <Filter>Source\Bullet</Filter>
    </ClInclude>
    <ClInclude Include="Source\Bullet\BulletParameter.h">
      <Filter>Source\Bullet</Filter>
    </ClInclude>
    <ClInclude Include="Source\Bullet\StraightBullet.h">
      <Filter>Source\Bullet</Filter>
    </ClInclude>
    <ClInclude Include="Source\Collision\CollisionAABB.h">
      <Filter>Source\Collision</Filter>
    </ClInclude>
    <ClInclude Include="Source\Collision\CollisionBase.h">
      <Filter>Source\Collision</Filter>
    </ClInclude>
    <ClInclude Include="Source\Collision\CollisionManager.h">
      <Filter>Source\Collision</Filter>
    </ClInclude>
    <ClInclude Include="Source\Collision\CollisionParameter.h">
      <Filter>Source\Collision</Filter>
    </ClInclude>
    <ClInclude Include="Source\Collision\CollisionSphere.h">
      <Filter>Source\Collision</Filter>
    </ClInclude>
    <ClInclude Include="Source\Easing\Easing.h">
      <Filter>Source\Easing</Filter>
    </ClInclude>
    <ClInclude Include="Source\Easing\EasingManager.h">
      <Filter>Source\Easing</Filter>
    </ClInclude>
    <ClInclude Include="Source\FPS\FPS.h">
      <Filter>Source\FPS</Filter>
    </ClInclude>
    <ClInclude Include="Source\Input\Input.h">
      <Filter>Source\Input</Filter>
    </ClInclude>
    <ClInclude Include="Source\MyEffekseer\EffekseerEffect2D.h">
      <Filter>Source\MyEffekseer</Filter>
    </ClInclude>
    <ClInclude Include="Source\MyEffekseer\EffekseerEffect3D.h">
      <Filter>Source\MyEffekseer</Filter>
    </ClInclude>
    <ClInclude Include="Source\MyEffekseer\EffekseerEffectBase.h">
      <Filter>Source\MyEffekseer</Filter>
    </ClInclude>
    <ClInclude Include="Source\MyEffekseer\EffekseerManager.h">
      <Filter>Source\MyEffekseer</Filter>
    </ClInclude>
    <ClInclude Include="Source\MyEffekseer\EffekseerParameter.h">
      <Filter>Source\MyEffekseer</Filter>
    </ClInclude>
    <ClInclude Include="Source\MyMath\MyMath.h">
      <Filter>Source\MyMath</Filter>
    </ClInclude>
    <ClInclude Include="Source\MyRandom\MyRandom.h">
      <Filter>Source\MyRandom</Filter>
    </ClInclude>
    <ClInclude Include="Source\Stage\Stage.h">
      <Filter>Source\Stage</Filter>
    </ClInclude>
    <ClInclude Include="Source\Stage\StageManager.h">
      <Filter>Source\Stage</Filter>
    </ClInclude>
    <ClInclude Include="Source\Stage\StageParameter.h">
      <Filter>Source\Stage</Filter>
    </ClInclude>
    <ClInclude Include="Source\Singleton\Singleton.h">
      <Filter>Source\Singleton</Filter>
    </ClInclude>
    <ClInclude Include="Source\Scene\PlayScene.h">
      <Filter>Source\Scene</Filter>
    </ClInclude>
    <ClInclude Include="Source\Scene\SceneBase.h">
      <Filter>Source\Scene</Filter>
    </ClInclude>
    <ClInclude Include="Source\Scene\SceneManager.h">
      <Filter>Source\Scene</Filter>
    </ClInclude>
    <ClInclude Include="Source\Scene\SceneParameter.h">
      <Filter>Source\Scene</Filter>
    </ClInclude>
    <ClInclude Include="Source\Scene\TitleScene.h">
      <Filter>Source\Scene</Filter>
    </ClInclude>
    <ClInclude Include="Source\Player\Player.h">
      <Filter>Source\Player</Filter>
    </ClInclude>
    <ClInclude Include="Source\Player\PlayerManager.h">
      <Filter>Source\Player</Filter>
    </ClInclude>
    <ClInclude Include="Source\Player\AIPlayer.h">
      <Filter>Source\Player</Filter>
    </ClInclude>
    <ClInclude Include="Source\Player\PlayerParameter.h">
      <Filter>Source\Player</Filter>
    </ClInclude>
    <ClInclude Include="Source\Player\PlayerBase.h">
      <Filter>Source\Player</Filter>
    </ClInclude>
    <ClInclude Include="Source\Block\BlockParameter.h">
      <Filter>Source\Block</Filter>
    </ClInclude>
    <ClInclude Include="Source\Game\GameSetting.h">
      <Filter>Source\GameSetting</Filter>
    </ClInclude>
    <ClInclude Include="Source\Item\Item.h">
      <Filter>Source\Item</Filter>
    </ClInclude>
    <ClInclude Include="Source\Item\ItemManager.h">
      <Filter>Source\Item</Filter>
    </ClInclude>
    <ClInclude Include="Source\Item\ItemParameter.h">
      <Filter>Source\Item</Filter>
    </ClInclude>
    <ClInclude Include="Source\UI\UIBase.h">
      <Filter>Source\UI</Filter>
    </ClInclude>
    <ClInclude Include="Source\UI\UIGauge.h">
      <Filter>Source\UI</Filter>
    </ClInclude>
    <ClInclude Include="Source\UI\UIImage.h">
      <Filter>Source\UI</Filter>
    </ClInclude>
    <ClInclude Include="Source\UI\UIManager.h">
      <Filter>Source\UI</Filter>
    </ClInclude>
    <ClInclude Include="Source\UI\UIParameter.h">
      <Filter>Source\UI</Filter>
    </ClInclude>
    <ClInclude Include="Source\Scene\GameSetScene.h">
      <Filter>Source\Scene</Filter>
    </ClInclude>
    <ClInclude Include="Source\Effect\SpriteAnimation.h">
      <Filter>Source\Effect</Filter>
    </ClInclude>
    <ClInclude Include="Source\Effect\SpriteAnimationManager.h">
      <Filter>Source\Effect</Filter>
    </ClInclude>
    <ClInclude Include="Source\Effect\EffectParameter.h">
      <Filter>Source\Effect</Filter>
    </ClInclude>
  </ItemGroup>
</Project>