<?xml version="1.0" encoding="utf-8"?>
<Project ToolsVersion="4.0" xmlns="http://schemas.microsoft.com/developer/msbuild/2003">
  <ItemGroup>
    <Filter Include="Source">
      <UniqueIdentifier>{063f4ceb-d950-4ab4-aed1-cc4d5f660b8e}</UniqueIdentifier>
    </Filter>
    <Filter Include="Source\Quatrenion">
      <UniqueIdentifier>{94390904-536c-4725-a348-a8610c79084d}</UniqueIdentifier>
    </Filter>
    <Filter Include="Source\MyMath">
      <UniqueIdentifier>{c5b9a32a-d890-4317-883d-96a18203a276}</UniqueIdentifier>
    </Filter>
    <Filter Include="Source\GameObject">
      <UniqueIdentifier>{c88c41b9-2561-4a97-b48a-1e82da0dd6e2}</UniqueIdentifier>
    </Filter>
  </ItemGroup>
  <ItemGroup>
    <ClCompile Include="Source\Main.cpp">
      <Filter>Source</Filter>
    </ClCompile>
    <ClCompile Include="Source\Quatrenion\Quatrenion.cpp">
      <Filter>Source\Quatrenion</Filter>
    </ClCompile>
    <ClCompile Include="Source\MyMath\MyMath.cpp">
      <Filter>Source\MyMath</Filter>
    </ClCompile>
  </ItemGroup>
  <ItemGroup>
    <ClInclude Include="Source\Quatrenion\Quatrenion.h">
      <Filter>Source\Quatrenion</Filter>
    </ClInclude>
    <ClInclude Include="Source\GameObject\Transform.h">
      <Filter>Source\GameObject</Filter>
    </ClInclude>
    <ClInclude Include="Source\MyMath\MyMath.h">
      <Filter>Source\MyMath</Filter>
    </ClInclude>
  </ItemGroup>
</Project>